
Microsoft Visual Studio Solution File, Format Version 12.00
Project("{FAE04EC0-301F-11D3-BF4B-00C04F79EFBC}") = "InstaladorHOK", "InstaladorHOK\InstaladorHOK.csproj", "{E7CD3D0C-DE03-46F1-B0B2-E05FF34FBF25}"
EndProject
Global
	GlobalSection(SolutionConfigurationPlatforms) = preSolution
		Debug|Any CPU = Debug|Any CPU
		Release|Any CPU = Release|Any CPU
	EndGlobalSection
	GlobalSection(ProjectConfigurationPlatforms) = postSolution
		{E7CD3D0C-DE03-46F1-B0B2-E05FF34FBF25}.Debug|Any CPU.ActiveCfg = Debug|Any CPU
		{E7CD3D0C-DE03-46F1-B0B2-E05FF34FBF25}.Debug|Any CPU.Build.0 = Debug|Any CPU
		{E7CD3D0C-DE03-46F1-B0B2-E05FF34FBF25}.Release|Any CPU.ActiveCfg = Release|Any CPU
		{E7CD3D0C-DE03-46F1-B0B2-E05FF34FBF25}.Release|Any CPU.Build.0 = Release|Any CPU
	EndGlobalSection
EndGlobal
